
Microsoft Visual Studio Solution File, Format Version 12.00
# Visual Studio Version 17
VisualStudioVersion = 17.7.34221.43
MinimumVisualStudioVersion = 10.0.40219.1
Project("{FAE04EC0-301F-11D3-BF4B-00C04F79EFBC}") = "BookingProject", "BookingProject\BookingProject.csproj", "{E2CC3C81-360C-4EAA-83BE-79A185AB75A3}"
EndProject
Global
	GlobalSection(SolutionConfigurationPlatforms) = preSolution
		Debug|Any CPU = Debug|Any CPU
		Release|Any CPU = Release|Any CPU
	EndGlobalSection
	GlobalSection(ProjectConfigurationPlatforms) = postSolution
		{E2CC3C81-360C-4EAA-83BE-79A185AB75A3}.Debug|Any CPU.ActiveCfg = Debug|Any CPU
		{E2CC3C81-360C-4EAA-83BE-79A185AB75A3}.Debug|Any CPU.Build.0 = Debug|Any CPU
		{E2CC3C81-360C-4EAA-83BE-79A185AB75A3}.Release|Any CPU.ActiveCfg = Release|Any CPU
		{E2CC3C81-360C-4EAA-83BE-79A185AB75A3}.Release|Any CPU.Build.0 = Release|Any CPU
	EndGlobalSection
	GlobalSection(SolutionProperties) = preSolution
		HideSolutionNode = FALSE
	EndGlobalSection
	GlobalSection(ExtensibilityGlobals) = postSolution
		SolutionGuid = {DDC4A111-DC9D-45C6-A297-81E30CB2334D}
	EndGlobalSection
EndGlobal
